# THIS IS AN AUTOGENERATED FILE. DO NOT EDIT THIS FILE DIRECTLY.
# yarn lockfile v1


"async@^2.0.0-rc.2":
  "integrity" "sha512-mzo5dfJYwAn29PeiJ0zvwTo04zj8HDJj0Mn8TD7sno7q12prdbnasKJHhkm2c1LgrhlJ0teaea8860oxi51mGA=="
  "resolved" "https://registry.npmjs.org/async/-/async-2.6.4.tgz"
  "version" "2.6.4"
  dependencies:
    "lodash" "^4.17.14"

"jquery@3.5.0":
  "integrity" "sha512-Xb7SVYMvygPxbFMpTFQiHh1J7HClEaThguL15N/Gg37Lri/qKyhRGZYzHRyLH8Stq3Aow0LsHO2O2ci86fCrNQ=="
  "resolved" "https://registry.npmjs.org/jquery/-/jquery-3.5.0.tgz"
  "version" "3.5.0"

"local@^0.3.3":
  "integrity" "sha512-SPjzMcYCtpFkuBgl2ivNR7HEvhwHlx8jbHN47lGlOkJ4na8BJEKtzQ9AXCldD0gbT70Er37ujqlCC9ylofEICg=="
  "resolved" "https://registry.npmjs.org/local/-/local-0.3.3.tgz"
  "version" "0.3.3"
  dependencies:
    "async" "^2.0.0-rc.2"

"lodash@^4.17.14":
  "integrity" "sha512-v2kDEe57lecTulaDIuNTPy3Ry4gLGJ6Z1O3vE1krgXZNrsQ+LFTGHVxVjcXPs17LhbZVGedAJv8XZ1tvj5FvSg=="
  "resolved" "https://registry.npmjs.org/lodash/-/lodash-4.17.21.tgz"
  "version" "4.17.21"

"pace-progress@1.0.2":
  "integrity" "sha1-/cVlxX3ZFyWjFns2C/JXjTw7VI0= sha512-uhOU/vb2N6TM8gkoEGOLusLVghxJ+P1OtundjeoVzUhspa58JZ64YLsLJZVK8JU9utDeuHr6Xz/cXxdX3rWmtg=="
  "resolved" "https://registry.npmjs.org/pace-progress/-/pace-progress-1.0.2.tgz"
  "version" "1.0.2"

"retinajs@2.1.3":
  "integrity" "sha512-ypjZKVntFXRwTVQaR1yyNiO0UsMOfHlAklQNlgnMJqTFuj+S/w3iYHOcFJRX39OYcB6LcYjN9zDBnwuOdxvwyA=="
  "resolved" "https://registry.npmjs.org/retinajs/-/retinajs-2.1.3.tgz"
  "version" "2.1.3"

"webfontloader@1.6.28":
  "integrity" "sha1-23hhKSU8tujq5UwvsF+HCvZnW64= sha512-Egb0oFEga6f+nSgasH3E0M405Pzn6y3/9tOVanv/DLfa1YBIgcv90L18YyWnvXkRbIM17v5Kv6IT2N6g1x5tvQ=="
  "resolved" "https://registry.npmjs.org/webfontloader/-/webfontloader-1.6.28.tgz"
  "version" "1.6.28"

"zooming@2.1.1":
  "integrity" "sha512-Z38dkZRQsFNBE67+xDBQLNKMs5J1Gc+s3/zO6iezTrC24VYLJV7YPBdBDJmiLhff5qa6Awxv4wsjqx3oYz2MYA=="
  "resolved" "https://registry.npmjs.org/zooming/-/zooming-2.1.1.tgz"
  "version" "2.1.1"
